
Microsoft Visual Studio Solution File, Format Version 12.00
# Visual Studio 15
VisualStudioVersion = 15.0.28307.960
MinimumVisualStudioVersion = 10.0.40219.1
Project("{FAE04EC0-301F-11D3-BF4B-00C04F79EFBC}") = "AdminCampana_2020", "AdminCampana_2020\AdminCampana_2020.csproj", "{5A0D87A0-6D2C-4487-9CC0-56E1307BC59C}"
EndProject
Global
	GlobalSection(SolutionConfigurationPlatforms) = preSolution
		Debug|Any CPU = Debug|Any CPU
		Release|Any CPU = Release|Any CPU
	EndGlobalSection
	GlobalSection(ProjectConfigurationPlatforms) = postSolution
		{5A0D87A0-6D2C-4487-9CC0-56E1307BC59C}.Debug|Any CPU.ActiveCfg = Debug|Any CPU
		{5A0D87A0-6D2C-4487-9CC0-56E1307BC59C}.Debug|Any CPU.Build.0 = Debug|Any CPU
		{5A0D87A0-6D2C-4487-9CC0-56E1307BC59C}.Release|Any CPU.ActiveCfg = Release|Any CPU
		{5A0D87A0-6D2C-4487-9CC0-56E1307BC59C}.Release|Any CPU.Build.0 = Release|Any CPU
	EndGlobalSection
	GlobalSection(SolutionProperties) = preSolution
		HideSolutionNode = FALSE
	EndGlobalSection
	GlobalSection(ExtensibilityGlobals) = postSolution
		SolutionGuid = {2A9A7D99-D60A-4F55-8521-6DD0521CCBDE}
	EndGlobalSection
EndGlobal
