
Microsoft Visual Studio Solution File, Format Version 12.00
# Visual Studio 15
VisualStudioVersion = 15.0.28307.960
MinimumVisualStudioVersion = 10.0.40219.1
Project("{FAE04EC0-301F-11D3-BF4B-00C04F79EFBC}") = "AdminCampana_2020", "AdminCampana_2020\AdminCampana_2020.csproj", "{5A0D87A0-6D2C-4487-9CC0-56E1307BC59C}"
EndProject
Project("{FAE04EC0-301F-11D3-BF4B-00C04F79EFBC}") = "AdminCampana_2020.Repository", "AdminCampana_2020.Repository\AdminCampana_2020.Repository.csproj", "{7CE8DD96-ECF2-4247-8CE3-4611FD05D4E2}"
EndProject
Project("{FAE04EC0-301F-11D3-BF4B-00C04F79EFBC}") = "AdminCampana_2020.Business", "AdminCampana_2020.Business\AdminCampana_2020.Business.csproj", "{8D6246ED-B50E-4851-8FCB-95DDB3CEF08B}"
EndProject
Project("{FAE04EC0-301F-11D3-BF4B-00C04F79EFBC}") = "AdminCampana_2020.Domain", "AdminCampana_2020.Domain\AdminCampana_2020.Domain.csproj", "{BB53D5DD-B661-4C85-992E-EF27DC23F0E5}"
EndProject
Project("{FAE04EC0-301F-11D3-BF4B-00C04F79EFBC}") = "AdminCampana_2020.Encript", "AdminCampana_2020.Encript\AdminCampana_2020.Encript.csproj", "{16486539-9151-41DD-B176-AE8E8225809A}"
EndProject
Global
	GlobalSection(SolutionConfigurationPlatforms) = preSolution
		Debug|Any CPU = Debug|Any CPU
		Release|Any CPU = Release|Any CPU
	EndGlobalSection
	GlobalSection(ProjectConfigurationPlatforms) = postSolution
		{5A0D87A0-6D2C-4487-9CC0-56E1307BC59C}.Debug|Any CPU.ActiveCfg = Debug|Any CPU
		{5A0D87A0-6D2C-4487-9CC0-56E1307BC59C}.Debug|Any CPU.Build.0 = Debug|Any CPU
		{5A0D87A0-6D2C-4487-9CC0-56E1307BC59C}.Release|Any CPU.ActiveCfg = Release|Any CPU
		{5A0D87A0-6D2C-4487-9CC0-56E1307BC59C}.Release|Any CPU.Build.0 = Release|Any CPU
		{7CE8DD96-ECF2-4247-8CE3-4611FD05D4E2}.Debug|Any CPU.ActiveCfg = Debug|Any CPU
		{7CE8DD96-ECF2-4247-8CE3-4611FD05D4E2}.Debug|Any CPU.Build.0 = Debug|Any CPU
		{7CE8DD96-ECF2-4247-8CE3-4611FD05D4E2}.Release|Any CPU.ActiveCfg = Release|Any CPU
		{7CE8DD96-ECF2-4247-8CE3-4611FD05D4E2}.Release|Any CPU.Build.0 = Release|Any CPU
		{8D6246ED-B50E-4851-8FCB-95DDB3CEF08B}.Debug|Any CPU.ActiveCfg = Debug|Any CPU
		{8D6246ED-B50E-4851-8FCB-95DDB3CEF08B}.Debug|Any CPU.Build.0 = Debug|Any CPU
		{8D6246ED-B50E-4851-8FCB-95DDB3CEF08B}.Release|Any CPU.ActiveCfg = Release|Any CPU
		{8D6246ED-B50E-4851-8FCB-95DDB3CEF08B}.Release|Any CPU.Build.0 = Release|Any CPU
		{BB53D5DD-B661-4C85-992E-EF27DC23F0E5}.Debug|Any CPU.ActiveCfg = Debug|Any CPU
		{BB53D5DD-B661-4C85-992E-EF27DC23F0E5}.Debug|Any CPU.Build.0 = Debug|Any CPU
		{BB53D5DD-B661-4C85-992E-EF27DC23F0E5}.Release|Any CPU.ActiveCfg = Release|Any CPU
		{BB53D5DD-B661-4C85-992E-EF27DC23F0E5}.Release|Any CPU.Build.0 = Release|Any CPU
		{16486539-9151-41DD-B176-AE8E8225809A}.Debug|Any CPU.ActiveCfg = Debug|Any CPU
		{16486539-9151-41DD-B176-AE8E8225809A}.Debug|Any CPU.Build.0 = Debug|Any CPU
		{16486539-9151-41DD-B176-AE8E8225809A}.Release|Any CPU.ActiveCfg = Release|Any CPU
		{16486539-9151-41DD-B176-AE8E8225809A}.Release|Any CPU.Build.0 = Release|Any CPU
	EndGlobalSection
	GlobalSection(SolutionProperties) = preSolution
		HideSolutionNode = FALSE
	EndGlobalSection
	GlobalSection(ExtensibilityGlobals) = postSolution
		SolutionGuid = {2A9A7D99-D60A-4F55-8521-6DD0521CCBDE}
	EndGlobalSection
EndGlobal
